
Microsoft Visual Studio Solution File, Format Version 12.00
# Visual Studio Version 17
VisualStudioVersion = 17.5.33530.505
MinimumVisualStudioVersion = 10.0.40219.1
Project("{2150E333-8FDC-42A3-9474-1A3956D46DE8}") = "src", "src", "{B37D710F-8C9A-4931-BA2C-F7A42E0E3245}"
EndProject
Project("{2150E333-8FDC-42A3-9474-1A3956D46DE8}") = "Host", "Host", "{5A964A37-9F06-4962-8C0F-ECD3098090C3}"
EndProject
Project("{2150E333-8FDC-42A3-9474-1A3956D46DE8}") = "Infrastructure", "Infrastructure", "{09719F80-1A2C-43D7-9BE5-5E74DCA839F9}"
EndProject
Project("{2150E333-8FDC-42A3-9474-1A3956D46DE8}") = "Core", "Core", "{809DF1F3-0101-4535-BFE8-365360EDB855}"
EndProject
Project("{9A19103F-16F7-4668-BE54-9A1E7A4F7556}") = "Utils.Domain", "Utils.Domain\Utils.Domain.csproj", "{E6EBBE57-F4A6-4483-9441-11EA57168A24}"
EndProject
Project("{9A19103F-16F7-4668-BE54-9A1E7A4F7556}") = "Utils.Infrastructure", "Utils.Infrastructure\Utils.Infrastructure.csproj", "{22F68ACE-F97D-4A3F-B966-B32172B7502C}"
EndProject
Project("{9A19103F-16F7-4668-BE54-9A1E7A4F7556}") = "Utils.Application", "Utils.Application\Utils.Application.csproj", "{DA441546-9654-4586-B93C-82A642F29410}"
EndProject
Project("{9A19103F-16F7-4668-BE54-9A1E7A4F7556}") = "Utils.WebAPI", "Utils.WebAPI\Utils.WebAPI.csproj", "{D5E03846-656D-41A5-86EC-6B9950278349}"
EndProject
Project("{2150E333-8FDC-42A3-9474-1A3956D46DE8}") = "CrossCuttingConcerns", "CrossCuttingConcerns", "{E922320A-493B-4E94-9E78-60EEE4C02265}"
EndProject
Project("{9A19103F-16F7-4668-BE54-9A1E7A4F7556}") = "Utils.CrossCuttingConcerns", "Utils.CrossCuttingConcerns\Utils.CrossCuttingConcerns.csproj", "{0278E76C-76C0-412C-BCE8-CFA879C72327}"
EndProject
Project("{9A19103F-16F7-4668-BE54-9A1E7A4F7556}") = "Utils.Persistence", "Utils.Persistence\Utils.Persistence.csproj", "{5B8784E6-6755-456A-9039-9912E2DDC562}"
EndProject
Project("{9A19103F-16F7-4668-BE54-9A1E7A4F7556}") = "Utils.BackgroundServer", "Utils.BackgroundServer\Utils.BackgroundServer.csproj", "{8E6C8421-5B0A-44B6-8717-86ADFDF93F42}"
EndProject
Global
	GlobalSection(SolutionConfigurationPlatforms) = preSolution
		Debug|Any CPU = Debug|Any CPU
		Release|Any CPU = Release|Any CPU
	EndGlobalSection
	GlobalSection(ProjectConfigurationPlatforms) = postSolution
		{E6EBBE57-F4A6-4483-9441-11EA57168A24}.Debug|Any CPU.ActiveCfg = Debug|Any CPU
		{E6EBBE57-F4A6-4483-9441-11EA57168A24}.Debug|Any CPU.Build.0 = Debug|Any CPU
		{E6EBBE57-F4A6-4483-9441-11EA57168A24}.Release|Any CPU.ActiveCfg = Release|Any CPU
		{E6EBBE57-F4A6-4483-9441-11EA57168A24}.Release|Any CPU.Build.0 = Release|Any CPU
		{22F68ACE-F97D-4A3F-B966-B32172B7502C}.Debug|Any CPU.ActiveCfg = Debug|Any CPU
		{22F68ACE-F97D-4A3F-B966-B32172B7502C}.Debug|Any CPU.Build.0 = Debug|Any CPU
		{22F68ACE-F97D-4A3F-B966-B32172B7502C}.Release|Any CPU.ActiveCfg = Release|Any CPU
		{22F68ACE-F97D-4A3F-B966-B32172B7502C}.Release|Any CPU.Build.0 = Release|Any CPU
		{DA441546-9654-4586-B93C-82A642F29410}.Debug|Any CPU.ActiveCfg = Debug|Any CPU
		{DA441546-9654-4586-B93C-82A642F29410}.Debug|Any CPU.Build.0 = Debug|Any CPU
		{DA441546-9654-4586-B93C-82A642F29410}.Release|Any CPU.ActiveCfg = Release|Any CPU
		{DA441546-9654-4586-B93C-82A642F29410}.Release|Any CPU.Build.0 = Release|Any CPU
		{D5E03846-656D-41A5-86EC-6B9950278349}.Debug|Any CPU.ActiveCfg = Debug|Any CPU
		{D5E03846-656D-41A5-86EC-6B9950278349}.Debug|Any CPU.Build.0 = Debug|Any CPU
		{D5E03846-656D-41A5-86EC-6B9950278349}.Release|Any CPU.ActiveCfg = Release|Any CPU
		{D5E03846-656D-41A5-86EC-6B9950278349}.Release|Any CPU.Build.0 = Release|Any CPU
		{0278E76C-76C0-412C-BCE8-CFA879C72327}.Debug|Any CPU.ActiveCfg = Debug|Any CPU
		{0278E76C-76C0-412C-BCE8-CFA879C72327}.Debug|Any CPU.Build.0 = Debug|Any CPU
		{0278E76C-76C0-412C-BCE8-CFA879C72327}.Release|Any CPU.ActiveCfg = Release|Any CPU
		{0278E76C-76C0-412C-BCE8-CFA879C72327}.Release|Any CPU.Build.0 = Release|Any CPU
		{5B8784E6-6755-456A-9039-9912E2DDC562}.Debug|Any CPU.ActiveCfg = Debug|Any CPU
		{5B8784E6-6755-456A-9039-9912E2DDC562}.Debug|Any CPU.Build.0 = Debug|Any CPU
		{5B8784E6-6755-456A-9039-9912E2DDC562}.Release|Any CPU.ActiveCfg = Release|Any CPU
		{5B8784E6-6755-456A-9039-9912E2DDC562}.Release|Any CPU.Build.0 = Release|Any CPU
		{8E6C8421-5B0A-44B6-8717-86ADFDF93F42}.Debug|Any CPU.ActiveCfg = Debug|Any CPU
		{8E6C8421-5B0A-44B6-8717-86ADFDF93F42}.Debug|Any CPU.Build.0 = Debug|Any CPU
		{8E6C8421-5B0A-44B6-8717-86ADFDF93F42}.Release|Any CPU.ActiveCfg = Release|Any CPU
		{8E6C8421-5B0A-44B6-8717-86ADFDF93F42}.Release|Any CPU.Build.0 = Release|Any CPU
	EndGlobalSection
	GlobalSection(SolutionProperties) = preSolution
		HideSolutionNode = FALSE
	EndGlobalSection
	GlobalSection(NestedProjects) = preSolution
		{5A964A37-9F06-4962-8C0F-ECD3098090C3} = {B37D710F-8C9A-4931-BA2C-F7A42E0E3245}
		{09719F80-1A2C-43D7-9BE5-5E74DCA839F9} = {B37D710F-8C9A-4931-BA2C-F7A42E0E3245}
		{809DF1F3-0101-4535-BFE8-365360EDB855} = {B37D710F-8C9A-4931-BA2C-F7A42E0E3245}
		{E6EBBE57-F4A6-4483-9441-11EA57168A24} = {809DF1F3-0101-4535-BFE8-365360EDB855}
		{22F68ACE-F97D-4A3F-B966-B32172B7502C} = {09719F80-1A2C-43D7-9BE5-5E74DCA839F9}
		{DA441546-9654-4586-B93C-82A642F29410} = {809DF1F3-0101-4535-BFE8-365360EDB855}
		{D5E03846-656D-41A5-86EC-6B9950278349} = {5A964A37-9F06-4962-8C0F-ECD3098090C3}
		{E922320A-493B-4E94-9E78-60EEE4C02265} = {B37D710F-8C9A-4931-BA2C-F7A42E0E3245}
		{0278E76C-76C0-412C-BCE8-CFA879C72327} = {E922320A-493B-4E94-9E78-60EEE4C02265}
		{5B8784E6-6755-456A-9039-9912E2DDC562} = {09719F80-1A2C-43D7-9BE5-5E74DCA839F9}
		{8E6C8421-5B0A-44B6-8717-86ADFDF93F42} = {5A964A37-9F06-4962-8C0F-ECD3098090C3}
	EndGlobalSection
	GlobalSection(ExtensibilityGlobals) = postSolution
		SolutionGuid = {A826571C-6BC3-40AC-90A0-BC309C74A634}
	EndGlobalSection
EndGlobal
